PODS:
  - Realm (20.0.0):
    - Realm/Headers (= 20.0.0)
  - Realm/Headers (20.0.0)
  - RealmSwift (20.0.0):
    - Realm (= 20.0.0)
  - SnapKit (5.7.1)

DEPENDENCIES:
  - Realm
  - RealmSwift
  - SnapKit

SPEC REPOS:
  trunk:
    - Realm
    - RealmSwift
    - SnapKit

SPEC CHECKSUMS:
  Realm: a799b5f9145623fb0bfe149fe81422863631dd0f
  RealmSwift: f8c4354ebd5053343e6ab9f4eda244145308a51e
  SnapKit: d612e99e678a2d3b95bf60b0705ed0a35c03484a

PODFILE CHECKSUM: 2de1ec6042d6c74ec20089409e55f183b3920567

COCOAPODS: 1.16.2
